
Microsoft Visual Studio Solution File, Format Version 12.00
# Visual Studio 15
VisualStudioVersion = 15.0.28010.2048
MinimumVisualStudioVersion = 10.0.40219.1
Project("{9A19103F-16F7-4668-BE54-9A1E7A4F7556}") = "AddressAllImporter", "AddressAllImporter\AddressAllImporter.csproj", "{F4E56E3C-9E7E-49F9-B935-F9195F0FC578}"
EndProject
Global
	GlobalSection(SolutionConfigurationPlatforms) = preSolution
		Debug|Any CPU = Debug|Any CPU
		Release|Any CPU = Release|Any CPU
	EndGlobalSection
	GlobalSection(ProjectConfigurationPlatforms) = postSolution
		{F4E56E3C-9E7E-49F9-B935-F9195F0FC578}.Debug|Any CPU.ActiveCfg = Debug|Any CPU
		{F4E56E3C-9E7E-49F9-B935-F9195F0FC578}.Debug|Any CPU.Build.0 = Debug|Any CPU
		{F4E56E3C-9E7E-49F9-B935-F9195F0FC578}.Release|Any CPU.ActiveCfg = Release|Any CPU
		{F4E56E3C-9E7E-49F9-B935-F9195F0FC578}.Release|Any CPU.Build.0 = Release|Any CPU
	EndGlobalSection
	GlobalSection(SolutionProperties) = preSolution
		HideSolutionNode = FALSE
	EndGlobalSection
	GlobalSection(ExtensibilityGlobals) = postSolution
		SolutionGuid = {A0C49B3D-AAE3-445A-A800-B3751AA5F53C}
	EndGlobalSection
EndGlobal
